
Microsoft Visual Studio Solution File, Format Version 12.00
# Visual Studio Version 17
VisualStudioVersion = 17.14.36518.9 d17.14
MinimumVisualStudioVersion = 10.0.40219.1
Project("{FAE04EC0-301F-11D3-BF4B-00C04F79EFBC}") = "ToDoApp", "ToDoApp\ToDoApp.csproj", "{C32DE5D7-B79F-468D-9EE5-7107D1EDE9D1}"
EndProject
Project("{FAE04EC0-301F-11D3-BF4B-00C04F79EFBC}") = "ToDoUtils", "ToDoUtils\ToDoUtils.csproj", "{6D7F8324-9DBD-486D-ACB9-DFAC78072F87}"
EndProject
Global
	GlobalSection(SolutionConfigurationPlatforms) = preSolution
		Debug|Any CPU = Debug|Any CPU
		Release|Any CPU = Release|Any CPU
	EndGlobalSection
	GlobalSection(ProjectConfigurationPlatforms) = postSolution
		{C32DE5D7-B79F-468D-9EE5-7107D1EDE9D1}.Debug|Any CPU.ActiveCfg = Debug|Any CPU
		{C32DE5D7-B79F-468D-9EE5-7107D1EDE9D1}.Debug|Any CPU.Build.0 = Debug|Any CPU
		{C32DE5D7-B79F-468D-9EE5-7107D1EDE9D1}.Release|Any CPU.ActiveCfg = Release|Any CPU
		{C32DE5D7-B79F-468D-9EE5-7107D1EDE9D1}.Release|Any CPU.Build.0 = Release|Any CPU
		{6D7F8324-9DBD-486D-ACB9-DFAC78072F87}.Debug|Any CPU.ActiveCfg = Debug|Any CPU
		{6D7F8324-9DBD-486D-ACB9-DFAC78072F87}.Debug|Any CPU.Build.0 = Debug|Any CPU
		{6D7F8324-9DBD-486D-ACB9-DFAC78072F87}.Release|Any CPU.ActiveCfg = Release|Any CPU
		{6D7F8324-9DBD-486D-ACB9-DFAC78072F87}.Release|Any CPU.Build.0 = Release|Any CPU
	EndGlobalSection
	GlobalSection(SolutionProperties) = preSolution
		HideSolutionNode = FALSE
	EndGlobalSection
	GlobalSection(ExtensibilityGlobals) = postSolution
		SolutionGuid = {ED0A8357-5EC9-47A6-A78A-8BE0C95A78EA}
	EndGlobalSection
EndGlobal
